
Microsoft Visual Studio Solution File, Format Version 12.00
# Visual Studio 15
VisualStudioVersion = 15.0.28010.2046
MinimumVisualStudioVersion = 10.0.40219.1
Project("{FAE04EC0-301F-11D3-BF4B-00C04F79EFBC}") = "Xamarin.Yandex.Checkout.Android", "Xamarin.Yandex.Checkout.Android\Xamarin.Yandex.Checkout.Android.csproj", "{C277A2E8-4563-4D4C-A28C-AFFF6125A23A}"
EndProject
Project("{FAE04EC0-301F-11D3-BF4B-00C04F79EFBC}") = "Xamarin.Yandex.Checkout.Demo.Android", "Xamarin.Yandex.Checkout.Demo\Xamarin.Yandex.Checkout.Demo.Android\Xamarin.Yandex.Checkout.Demo.Android.csproj", "{920A757B-6BC4-45DA-8E68-6C931C8250EF}"
EndProject
Project("{FAE04EC0-301F-11D3-BF4B-00C04F79EFBC}") = "Xamarin.Yandex.Checkout.Demo.iOS", "Xamarin.Yandex.Checkout.Demo\Xamarin.Yandex.Checkout.Demo.iOS\Xamarin.Yandex.Checkout.Demo.iOS.csproj", "{E7FBC80B-55A9-4668-BEC6-0718ED30E4FF}"
EndProject
Project("{9A19103F-16F7-4668-BE54-9A1E7A4F7556}") = "Xamarin.Yandex.Checkout.Demo", "Xamarin.Yandex.Checkout.Demo\Xamarin.Yandex.Checkout.Demo\Xamarin.Yandex.Checkout.Demo.csproj", "{26D4681E-D558-42D9-80CF-C83C99851B9D}"
EndProject
Project("{FAE04EC0-301F-11D3-BF4B-00C04F79EFBC}") = "Xamarin.Yandex.Money.Android", "Xamarin.Yandex.Money.Android\Xamarin.Yandex.Money.Android.csproj", "{B25145A1-5703-4C0E-9A33-43504146EF4F}"
EndProject
Project("{FAE04EC0-301F-11D3-BF4B-00C04F79EFBC}") = "Xamarin.Yandex.Money.Java", "Xamarin.Yandex.Money.Java\Xamarin.Yandex.Money.Java.csproj", "{44220EF9-F3A8-461C-8FBC-8CE9D6365B2C}"
EndProject
Project("{FAE04EC0-301F-11D3-BF4B-00C04F79EFBC}") = "Xamarin.Kotlin.Stdlib.Jdk7", "Xamarin.Kotlin.Stdlib.Jdk7\Xamarin.Kotlin.Stdlib.Jdk7.csproj", "{1AAB5FED-7F81-4397-9A1F-E694CD79C3BB}"
EndProject
Project("{FAE04EC0-301F-11D3-BF4B-00C04F79EFBC}") = "Xamarin.Yandex.AuthSdk", "Xamarin.Yandex.AuthSdk\Xamarin.Yandex.AuthSdk.csproj", "{9F2D407F-59F5-4093-82FE-3E823315ABD4}"
EndProject
Project("{FAE04EC0-301F-11D3-BF4B-00C04F79EFBC}") = "Xamarin.Tinkoff.Decoro", "Xamarin.Tinkoff.Decoro\Xamarin.Tinkoff.Decoro.csproj", "{FCA1642D-6C8D-441C-AFB9-6E8B210D54C6}"
EndProject
Global
	GlobalSection(SolutionConfigurationPlatforms) = preSolution
		Ad-Hoc|Any CPU = Ad-Hoc|Any CPU
		Ad-Hoc|iPhone = Ad-Hoc|iPhone
		Ad-Hoc|iPhoneSimulator = Ad-Hoc|iPhoneSimulator
		AppStore|Any CPU = AppStore|Any CPU
		AppStore|iPhone = AppStore|iPhone
		AppStore|iPhoneSimulator = AppStore|iPhoneSimulator
		Debug|Any CPU = Debug|Any CPU
		Debug|iPhone = Debug|iPhone
		Debug|iPhoneSimulator = Debug|iPhoneSimulator
		Release|Any CPU = Release|Any CPU
		Release|iPhone = Release|iPhone
		Release|iPhoneSimulator = Release|iPhoneSimulator
	EndGlobalSection
	GlobalSection(ProjectConfigurationPlatforms) = postSolution
		{C277A2E8-4563-4D4C-A28C-AFFF6125A23A}.Ad-Hoc|Any CPU.ActiveCfg = Release|Any CPU
		{C277A2E8-4563-4D4C-A28C-AFFF6125A23A}.Ad-Hoc|Any CPU.Build.0 = Release|Any CPU
		{C277A2E8-4563-4D4C-A28C-AFFF6125A23A}.Ad-Hoc|iPhone.ActiveCfg = Release|Any CPU
		{C277A2E8-4563-4D4C-A28C-AFFF6125A23A}.Ad-Hoc|iPhone.Build.0 = Release|Any CPU
		{C277A2E8-4563-4D4C-A28C-AFFF6125A23A}.Ad-Hoc|iPhoneSimulator.ActiveCfg = Release|Any CPU
		{C277A2E8-4563-4D4C-A28C-AFFF6125A23A}.Ad-Hoc|iPhoneSimulator.Build.0 = Release|Any CPU
		{C277A2E8-4563-4D4C-A28C-AFFF6125A23A}.AppStore|Any CPU.ActiveCfg = Release|Any CPU
		{C277A2E8-4563-4D4C-A28C-AFFF6125A23A}.AppStore|Any CPU.Build.0 = Release|Any CPU
		{C277A2E8-4563-4D4C-A28C-AFFF6125A23A}.AppStore|iPhone.ActiveCfg = Release|Any CPU
		{C277A2E8-4563-4D4C-A28C-AFFF6125A23A}.AppStore|iPhone.Build.0 = Release|Any CPU
		{C277A2E8-4563-4D4C-A28C-AFFF6125A23A}.AppStore|iPhoneSimulator.ActiveCfg = Release|Any CPU
		{C277A2E8-4563-4D4C-A28C-AFFF6125A23A}.AppStore|iPhoneSimulator.Build.0 = Release|Any CPU
		{C277A2E8-4563-4D4C-A28C-AFFF6125A23A}.Debug|Any CPU.ActiveCfg = Debug|Any CPU
		{C277A2E8-4563-4D4C-A28C-AFFF6125A23A}.Debug|Any CPU.Build.0 = Debug|Any CPU
		{C277A2E8-4563-4D4C-A28C-AFFF6125A23A}.Debug|iPhone.ActiveCfg = Debug|Any CPU
		{C277A2E8-4563-4D4C-A28C-AFFF6125A23A}.Debug|iPhone.Build.0 = Debug|Any CPU
		{C277A2E8-4563-4D4C-A28C-AFFF6125A23A}.Debug|iPhoneSimulator.ActiveCfg = Debug|Any CPU
		{C277A2E8-4563-4D4C-A28C-AFFF6125A23A}.Debug|iPhoneSimulator.Build.0 = Debug|Any CPU
		{C277A2E8-4563-4D4C-A28C-AFFF6125A23A}.Release|Any CPU.ActiveCfg = Release|Any CPU
		{C277A2E8-4563-4D4C-A28C-AFFF6125A23A}.Release|Any CPU.Build.0 = Release|Any CPU
		{C277A2E8-4563-4D4C-A28C-AFFF6125A23A}.Release|iPhone.ActiveCfg = Release|Any CPU
		{C277A2E8-4563-4D4C-A28C-AFFF6125A23A}.Release|iPhone.Build.0 = Release|Any CPU
		{C277A2E8-4563-4D4C-A28C-AFFF6125A23A}.Release|iPhoneSimulator.ActiveCfg = Release|Any CPU
		{C277A2E8-4563-4D4C-A28C-AFFF6125A23A}.Release|iPhoneSimulator.Build.0 = Release|Any CPU
		{920A757B-6BC4-45DA-8E68-6C931C8250EF}.Ad-Hoc|Any CPU.ActiveCfg = Release|Any CPU
		{920A757B-6BC4-45DA-8E68-6C931C8250EF}.Ad-Hoc|Any CPU.Build.0 = Release|Any CPU
		{920A757B-6BC4-45DA-8E68-6C931C8250EF}.Ad-Hoc|Any CPU.Deploy.0 = Release|Any CPU
		{920A757B-6BC4-45DA-8E68-6C931C8250EF}.Ad-Hoc|iPhone.ActiveCfg = Release|Any CPU
		{920A757B-6BC4-45DA-8E68-6C931C8250EF}.Ad-Hoc|iPhone.Build.0 = Release|Any CPU
		{920A757B-6BC4-45DA-8E68-6C931C8250EF}.Ad-Hoc|iPhone.Deploy.0 = Release|Any CPU
		{920A757B-6BC4-45DA-8E68-6C931C8250EF}.Ad-Hoc|iPhoneSimulator.ActiveCfg = Release|Any CPU
		{920A757B-6BC4-45DA-8E68-6C931C8250EF}.Ad-Hoc|iPhoneSimulator.Build.0 = Release|Any CPU
		{920A757B-6BC4-45DA-8E68-6C931C8250EF}.Ad-Hoc|iPhoneSimulator.Deploy.0 = Release|Any CPU
		{920A757B-6BC4-45DA-8E68-6C931C8250EF}.AppStore|Any CPU.ActiveCfg = Release|Any CPU
		{920A757B-6BC4-45DA-8E68-6C931C8250EF}.AppStore|Any CPU.Build.0 = Release|Any CPU
		{920A757B-6BC4-45DA-8E68-6C931C8250EF}.AppStore|Any CPU.Deploy.0 = Release|Any CPU
		{920A757B-6BC4-45DA-8E68-6C931C8250EF}.AppStore|iPhone.ActiveCfg = Release|Any CPU
		{920A757B-6BC4-45DA-8E68-6C931C8250EF}.AppStore|iPhone.Build.0 = Release|Any CPU
		{920A757B-6BC4-45DA-8E68-6C931C8250EF}.AppStore|iPhone.Deploy.0 = Release|Any CPU
		{920A757B-6BC4-45DA-8E68-6C931C8250EF}.AppStore|iPhoneSimulator.ActiveCfg = Release|Any CPU
		{920A757B-6BC4-45DA-8E68-6C931C8250EF}.AppStore|iPhoneSimulator.Build.0 = Release|Any CPU
		{920A757B-6BC4-45DA-8E68-6C931C8250EF}.AppStore|iPhoneSimulator.Deploy.0 = Release|Any CPU
		{920A757B-6BC4-45DA-8E68-6C931C8250EF}.Debug|Any CPU.ActiveCfg = Debug|Any CPU
		{920A757B-6BC4-45DA-8E68-6C931C8250EF}.Debug|Any CPU.Build.0 = Debug|Any CPU
		{920A757B-6BC4-45DA-8E68-6C931C8250EF}.Debug|Any CPU.Deploy.0 = Debug|Any CPU
		{920A757B-6BC4-45DA-8E68-6C931C8250EF}.Debug|iPhone.ActiveCfg = Debug|Any CPU
		{920A757B-6BC4-45DA-8E68-6C931C8250EF}.Debug|iPhone.Build.0 = Debug|Any CPU
		{920A757B-6BC4-45DA-8E68-6C931C8250EF}.Debug|iPhone.Deploy.0 = Debug|Any CPU
		{920A757B-6BC4-45DA-8E68-6C931C8250EF}.Debug|iPhoneSimulator.ActiveCfg = Debug|Any CPU
		{920A757B-6BC4-45DA-8E68-6C931C8250EF}.Debug|iPhoneSimulator.Build.0 = Debug|Any CPU
		{920A757B-6BC4-45DA-8E68-6C931C8250EF}.Debug|iPhoneSimulator.Deploy.0 = Debug|Any CPU
		{920A757B-6BC4-45DA-8E68-6C931C8250EF}.Release|Any CPU.ActiveCfg = Release|Any CPU
		{920A757B-6BC4-45DA-8E68-6C931C8250EF}.Release|Any CPU.Build.0 = Release|Any CPU
		{920A757B-6BC4-45DA-8E68-6C931C8250EF}.Release|Any CPU.Deploy.0 = Release|Any CPU
		{920A757B-6BC4-45DA-8E68-6C931C8250EF}.Release|iPhone.ActiveCfg = Release|Any CPU
		{920A757B-6BC4-45DA-8E68-6C931C8250EF}.Release|iPhone.Build.0 = Release|Any CPU
		{920A757B-6BC4-45DA-8E68-6C931C8250EF}.Release|iPhone.Deploy.0 = Release|Any CPU
		{920A757B-6BC4-45DA-8E68-6C931C8250EF}.Release|iPhoneSimulator.ActiveCfg = Release|Any CPU
		{920A757B-6BC4-45DA-8E68-6C931C8250EF}.Release|iPhoneSimulator.Build.0 = Release|Any CPU
		{920A757B-6BC4-45DA-8E68-6C931C8250EF}.Release|iPhoneSimulator.Deploy.0 = Release|Any CPU
		{E7FBC80B-55A9-4668-BEC6-0718ED30E4FF}.Ad-Hoc|Any CPU.ActiveCfg = Ad-Hoc|iPhone
		{E7FBC80B-55A9-4668-BEC6-0718ED30E4FF}.Ad-Hoc|iPhone.ActiveCfg = Ad-Hoc|iPhone
		{E7FBC80B-55A9-4668-BEC6-0718ED30E4FF}.Ad-Hoc|iPhone.Build.0 = Ad-Hoc|iPhone
		{E7FBC80B-55A9-4668-BEC6-0718ED30E4FF}.Ad-Hoc|iPhoneSimulator.ActiveCfg = Ad-Hoc|iPhoneSimulator
		{E7FBC80B-55A9-4668-BEC6-0718ED30E4FF}.Ad-Hoc|iPhoneSimulator.Build.0 = Ad-Hoc|iPhoneSimulator
		{E7FBC80B-55A9-4668-BEC6-0718ED30E4FF}.AppStore|Any CPU.ActiveCfg = AppStore|iPhone
		{E7FBC80B-55A9-4668-BEC6-0718ED30E4FF}.AppStore|iPhone.ActiveCfg = AppStore|iPhone
		{E7FBC80B-55A9-4668-BEC6-0718ED30E4FF}.AppStore|iPhone.Build.0 = AppStore|iPhone
		{E7FBC80B-55A9-4668-BEC6-0718ED30E4FF}.AppStore|iPhoneSimulator.ActiveCfg = AppStore|iPhoneSimulator
		{E7FBC80B-55A9-4668-BEC6-0718ED30E4FF}.AppStore|iPhoneSimulator.Build.0 = AppStore|iPhoneSimulator
		{E7FBC80B-55A9-4668-BEC6-0718ED30E4FF}.Debug|Any CPU.ActiveCfg = Debug|iPhone
		{E7FBC80B-55A9-4668-BEC6-0718ED30E4FF}.Debug|iPhone.ActiveCfg = Debug|iPhone
		{E7FBC80B-55A9-4668-BEC6-0718ED30E4FF}.Debug|iPhone.Build.0 = Debug|iPhone
		{E7FBC80B-55A9-4668-BEC6-0718ED30E4FF}.Debug|iPhoneSimulator.ActiveCfg = Debug|iPhoneSimulator
		{E7FBC80B-55A9-4668-BEC6-0718ED30E4FF}.Debug|iPhoneSimulator.Build.0 = Debug|iPhoneSimulator
		{E7FBC80B-55A9-4668-BEC6-0718ED30E4FF}.Release|Any CPU.ActiveCfg = Release|iPhone
		{E7FBC80B-55A9-4668-BEC6-0718ED30E4FF}.Release|iPhone.ActiveCfg = Release|iPhone
		{E7FBC80B-55A9-4668-BEC6-0718ED30E4FF}.Release|iPhone.Build.0 = Release|iPhone
		{E7FBC80B-55A9-4668-BEC6-0718ED30E4FF}.Release|iPhoneSimulator.ActiveCfg = Release|iPhoneSimulator
		{E7FBC80B-55A9-4668-BEC6-0718ED30E4FF}.Release|iPhoneSimulator.Build.0 = Release|iPhoneSimulator
		{26D4681E-D558-42D9-80CF-C83C99851B9D}.Ad-Hoc|Any CPU.ActiveCfg = Debug|Any CPU
		{26D4681E-D558-42D9-80CF-C83C99851B9D}.Ad-Hoc|Any CPU.Build.0 = Debug|Any CPU
		{26D4681E-D558-42D9-80CF-C83C99851B9D}.Ad-Hoc|iPhone.ActiveCfg = Debug|Any CPU
		{26D4681E-D558-42D9-80CF-C83C99851B9D}.Ad-Hoc|iPhone.Build.0 = Debug|Any CPU
		{26D4681E-D558-42D9-80CF-C83C99851B9D}.Ad-Hoc|iPhoneSimulator.ActiveCfg = Debug|Any CPU
		{26D4681E-D558-42D9-80CF-C83C99851B9D}.Ad-Hoc|iPhoneSimulator.Build.0 = Debug|Any CPU
		{26D4681E-D558-42D9-80CF-C83C99851B9D}.AppStore|Any CPU.ActiveCfg = Debug|Any CPU
		{26D4681E-D558-42D9-80CF-C83C99851B9D}.AppStore|Any CPU.Build.0 = Debug|Any CPU
		{26D4681E-D558-42D9-80CF-C83C99851B9D}.AppStore|iPhone.ActiveCfg = Debug|Any CPU
		{26D4681E-D558-42D9-80CF-C83C99851B9D}.AppStore|iPhone.Build.0 = Debug|Any CPU
		{26D4681E-D558-42D9-80CF-C83C99851B9D}.AppStore|iPhoneSimulator.ActiveCfg = Debug|Any CPU
		{26D4681E-D558-42D9-80CF-C83C99851B9D}.AppStore|iPhoneSimulator.Build.0 = Debug|Any CPU
		{26D4681E-D558-42D9-80CF-C83C99851B9D}.Debug|Any CPU.ActiveCfg = Debug|Any CPU
		{26D4681E-D558-42D9-80CF-C83C99851B9D}.Debug|Any CPU.Build.0 = Debug|Any CPU
		{26D4681E-D558-42D9-80CF-C83C99851B9D}.Debug|iPhone.ActiveCfg = Debug|Any CPU
		{26D4681E-D558-42D9-80CF-C83C99851B9D}.Debug|iPhone.Build.0 = Debug|Any CPU
		{26D4681E-D558-42D9-80CF-C83C99851B9D}.Debug|iPhoneSimulator.ActiveCfg = Debug|Any CPU
		{26D4681E-D558-42D9-80CF-C83C99851B9D}.Debug|iPhoneSimulator.Build.0 = Debug|Any CPU
		{26D4681E-D558-42D9-80CF-C83C99851B9D}.Release|Any CPU.ActiveCfg = Release|Any CPU
		{26D4681E-D558-42D9-80CF-C83C99851B9D}.Release|Any CPU.Build.0 = Release|Any CPU
		{26D4681E-D558-42D9-80CF-C83C99851B9D}.Release|iPhone.ActiveCfg = Release|Any CPU
		{26D4681E-D558-42D9-80CF-C83C99851B9D}.Release|iPhone.Build.0 = Release|Any CPU
		{26D4681E-D558-42D9-80CF-C83C99851B9D}.Release|iPhoneSimulator.ActiveCfg = Release|Any CPU
		{26D4681E-D558-42D9-80CF-C83C99851B9D}.Release|iPhoneSimulator.Build.0 = Release|Any CPU
		{B25145A1-5703-4C0E-9A33-43504146EF4F}.Ad-Hoc|Any CPU.ActiveCfg = Release|Any CPU
		{B25145A1-5703-4C0E-9A33-43504146EF4F}.Ad-Hoc|Any CPU.Build.0 = Release|Any CPU
		{B25145A1-5703-4C0E-9A33-43504146EF4F}.Ad-Hoc|iPhone.ActiveCfg = Release|Any CPU
		{B25145A1-5703-4C0E-9A33-43504146EF4F}.Ad-Hoc|iPhone.Build.0 = Release|Any CPU
		{B25145A1-5703-4C0E-9A33-43504146EF4F}.Ad-Hoc|iPhoneSimulator.ActiveCfg = Release|Any CPU
		{B25145A1-5703-4C0E-9A33-43504146EF4F}.Ad-Hoc|iPhoneSimulator.Build.0 = Release|Any CPU
		{B25145A1-5703-4C0E-9A33-43504146EF4F}.AppStore|Any CPU.ActiveCfg = Release|Any CPU
		{B25145A1-5703-4C0E-9A33-43504146EF4F}.AppStore|Any CPU.Build.0 = Release|Any CPU
		{B25145A1-5703-4C0E-9A33-43504146EF4F}.AppStore|iPhone.ActiveCfg = Release|Any CPU
		{B25145A1-5703-4C0E-9A33-43504146EF4F}.AppStore|iPhone.Build.0 = Release|Any CPU
		{B25145A1-5703-4C0E-9A33-43504146EF4F}.AppStore|iPhoneSimulator.ActiveCfg = Release|Any CPU
		{B25145A1-5703-4C0E-9A33-43504146EF4F}.AppStore|iPhoneSimulator.Build.0 = Release|Any CPU
		{B25145A1-5703-4C0E-9A33-43504146EF4F}.Debug|Any CPU.ActiveCfg = Debug|Any CPU
		{B25145A1-5703-4C0E-9A33-43504146EF4F}.Debug|Any CPU.Build.0 = Debug|Any CPU
		{B25145A1-5703-4C0E-9A33-43504146EF4F}.Debug|iPhone.ActiveCfg = Debug|Any CPU
		{B25145A1-5703-4C0E-9A33-43504146EF4F}.Debug|iPhone.Build.0 = Debug|Any CPU
		{B25145A1-5703-4C0E-9A33-43504146EF4F}.Debug|iPhoneSimulator.ActiveCfg = Debug|Any CPU
		{B25145A1-5703-4C0E-9A33-43504146EF4F}.Debug|iPhoneSimulator.Build.0 = Debug|Any CPU
		{B25145A1-5703-4C0E-9A33-43504146EF4F}.Release|Any CPU.ActiveCfg = Release|Any CPU
		{B25145A1-5703-4C0E-9A33-43504146EF4F}.Release|Any CPU.Build.0 = Release|Any CPU
		{B25145A1-5703-4C0E-9A33-43504146EF4F}.Release|iPhone.ActiveCfg = Release|Any CPU
		{B25145A1-5703-4C0E-9A33-43504146EF4F}.Release|iPhone.Build.0 = Release|Any CPU
		{B25145A1-5703-4C0E-9A33-43504146EF4F}.Release|iPhoneSimulator.ActiveCfg = Release|Any CPU
		{B25145A1-5703-4C0E-9A33-43504146EF4F}.Release|iPhoneSimulator.Build.0 = Release|Any CPU
		{44220EF9-F3A8-461C-8FBC-8CE9D6365B2C}.Ad-Hoc|Any CPU.ActiveCfg = Release|Any CPU
		{44220EF9-F3A8-461C-8FBC-8CE9D6365B2C}.Ad-Hoc|Any CPU.Build.0 = Release|Any CPU
		{44220EF9-F3A8-461C-8FBC-8CE9D6365B2C}.Ad-Hoc|iPhone.ActiveCfg = Release|Any CPU
		{44220EF9-F3A8-461C-8FBC-8CE9D6365B2C}.Ad-Hoc|iPhone.Build.0 = Release|Any CPU
		{44220EF9-F3A8-461C-8FBC-8CE9D6365B2C}.Ad-Hoc|iPhoneSimulator.ActiveCfg = Release|Any CPU
		{44220EF9-F3A8-461C-8FBC-8CE9D6365B2C}.Ad-Hoc|iPhoneSimulator.Build.0 = Release|Any CPU
		{44220EF9-F3A8-461C-8FBC-8CE9D6365B2C}.AppStore|Any CPU.ActiveCfg = Release|Any CPU
		{44220EF9-F3A8-461C-8FBC-8CE9D6365B2C}.AppStore|Any CPU.Build.0 = Release|Any CPU
		{44220EF9-F3A8-461C-8FBC-8CE9D6365B2C}.AppStore|iPhone.ActiveCfg = Release|Any CPU
		{44220EF9-F3A8-461C-8FBC-8CE9D6365B2C}.AppStore|iPhone.Build.0 = Release|Any CPU
		{44220EF9-F3A8-461C-8FBC-8CE9D6365B2C}.AppStore|iPhoneSimulator.ActiveCfg = Release|Any CPU
		{44220EF9-F3A8-461C-8FBC-8CE9D6365B2C}.AppStore|iPhoneSimulator.Build.0 = Release|Any CPU
		{44220EF9-F3A8-461C-8FBC-8CE9D6365B2C}.Debug|Any CPU.ActiveCfg = Debug|Any CPU
		{44220EF9-F3A8-461C-8FBC-8CE9D6365B2C}.Debug|Any CPU.Build.0 = Debug|Any CPU
		{44220EF9-F3A8-461C-8FBC-8CE9D6365B2C}.Debug|iPhone.ActiveCfg = Debug|Any CPU
		{44220EF9-F3A8-461C-8FBC-8CE9D6365B2C}.Debug|iPhone.Build.0 = Debug|Any CPU
		{44220EF9-F3A8-461C-8FBC-8CE9D6365B2C}.Debug|iPhoneSimulator.ActiveCfg = Debug|Any CPU
		{44220EF9-F3A8-461C-8FBC-8CE9D6365B2C}.Debug|iPhoneSimulator.Build.0 = Debug|Any CPU
		{44220EF9-F3A8-461C-8FBC-8CE9D6365B2C}.Release|Any CPU.ActiveCfg = Release|Any CPU
		{44220EF9-F3A8-461C-8FBC-8CE9D6365B2C}.Release|Any CPU.Build.0 = Release|Any CPU
		{44220EF9-F3A8-461C-8FBC-8CE9D6365B2C}.Release|iPhone.ActiveCfg = Release|Any CPU
		{44220EF9-F3A8-461C-8FBC-8CE9D6365B2C}.Release|iPhone.Build.0 = Release|Any CPU
		{44220EF9-F3A8-461C-8FBC-8CE9D6365B2C}.Release|iPhoneSimulator.ActiveCfg = Release|Any CPU
		{44220EF9-F3A8-461C-8FBC-8CE9D6365B2C}.Release|iPhoneSimulator.Build.0 = Release|Any CPU
		{1AAB5FED-7F81-4397-9A1F-E694CD79C3BB}.Ad-Hoc|Any CPU.ActiveCfg = Release|Any CPU
		{1AAB5FED-7F81-4397-9A1F-E694CD79C3BB}.Ad-Hoc|Any CPU.Build.0 = Release|Any CPU
		{1AAB5FED-7F81-4397-9A1F-E694CD79C3BB}.Ad-Hoc|iPhone.ActiveCfg = Release|Any CPU
		{1AAB5FED-7F81-4397-9A1F-E694CD79C3BB}.Ad-Hoc|iPhone.Build.0 = Release|Any CPU
		{1AAB5FED-7F81-4397-9A1F-E694CD79C3BB}.Ad-Hoc|iPhoneSimulator.ActiveCfg = Release|Any CPU
		{1AAB5FED-7F81-4397-9A1F-E694CD79C3BB}.Ad-Hoc|iPhoneSimulator.Build.0 = Release|Any CPU
		{1AAB5FED-7F81-4397-9A1F-E694CD79C3BB}.AppStore|Any CPU.ActiveCfg = Release|Any CPU
		{1AAB5FED-7F81-4397-9A1F-E694CD79C3BB}.AppStore|Any CPU.Build.0 = Release|Any CPU
		{1AAB5FED-7F81-4397-9A1F-E694CD79C3BB}.AppStore|iPhone.ActiveCfg = Release|Any CPU
		{1AAB5FED-7F81-4397-9A1F-E694CD79C3BB}.AppStore|iPhone.Build.0 = Release|Any CPU
		{1AAB5FED-7F81-4397-9A1F-E694CD79C3BB}.AppStore|iPhoneSimulator.ActiveCfg = Release|Any CPU
		{1AAB5FED-7F81-4397-9A1F-E694CD79C3BB}.AppStore|iPhoneSimulator.Build.0 = Release|Any CPU
		{1AAB5FED-7F81-4397-9A1F-E694CD79C3BB}.Debug|Any CPU.ActiveCfg = Debug|Any CPU
		{1AAB5FED-7F81-4397-9A1F-E694CD79C3BB}.Debug|Any CPU.Build.0 = Debug|Any CPU
		{1AAB5FED-7F81-4397-9A1F-E694CD79C3BB}.Debug|iPhone.ActiveCfg = Debug|Any CPU
		{1AAB5FED-7F81-4397-9A1F-E694CD79C3BB}.Debug|iPhone.Build.0 = Debug|Any CPU
		{1AAB5FED-7F81-4397-9A1F-E694CD79C3BB}.Debug|iPhoneSimulator.ActiveCfg = Debug|Any CPU
		{1AAB5FED-7F81-4397-9A1F-E694CD79C3BB}.Debug|iPhoneSimulator.Build.0 = Debug|Any CPU
		{1AAB5FED-7F81-4397-9A1F-E694CD79C3BB}.Release|Any CPU.ActiveCfg = Release|Any CPU
		{1AAB5FED-7F81-4397-9A1F-E694CD79C3BB}.Release|Any CPU.Build.0 = Release|Any CPU
		{1AAB5FED-7F81-4397-9A1F-E694CD79C3BB}.Release|iPhone.ActiveCfg = Release|Any CPU
		{1AAB5FED-7F81-4397-9A1F-E694CD79C3BB}.Release|iPhone.Build.0 = Release|Any CPU
		{1AAB5FED-7F81-4397-9A1F-E694CD79C3BB}.Release|iPhoneSimulator.ActiveCfg = Release|Any CPU
		{1AAB5FED-7F81-4397-9A1F-E694CD79C3BB}.Release|iPhoneSimulator.Build.0 = Release|Any CPU
		{9F2D407F-59F5-4093-82FE-3E823315ABD4}.Ad-Hoc|Any CPU.ActiveCfg = Release|Any CPU
		{9F2D407F-59F5-4093-82FE-3E823315ABD4}.Ad-Hoc|Any CPU.Build.0 = Release|Any CPU
		{9F2D407F-59F5-4093-82FE-3E823315ABD4}.Ad-Hoc|iPhone.ActiveCfg = Release|Any CPU
		{9F2D407F-59F5-4093-82FE-3E823315ABD4}.Ad-Hoc|iPhone.Build.0 = Release|Any CPU
		{9F2D407F-59F5-4093-82FE-3E823315ABD4}.Ad-Hoc|iPhoneSimulator.ActiveCfg = Release|Any CPU
		{9F2D407F-59F5-4093-82FE-3E823315ABD4}.Ad-Hoc|iPhoneSimulator.Build.0 = Release|Any CPU
		{9F2D407F-59F5-4093-82FE-3E823315ABD4}.AppStore|Any CPU.ActiveCfg = Release|Any CPU
		{9F2D407F-59F5-4093-82FE-3E823315ABD4}.AppStore|Any CPU.Build.0 = Release|Any CPU
		{9F2D407F-59F5-4093-82FE-3E823315ABD4}.AppStore|iPhone.ActiveCfg = Release|Any CPU
		{9F2D407F-59F5-4093-82FE-3E823315ABD4}.AppStore|iPhone.Build.0 = Release|Any CPU
		{9F2D407F-59F5-4093-82FE-3E823315ABD4}.AppStore|iPhoneSimulator.ActiveCfg = Release|Any CPU
		{9F2D407F-59F5-4093-82FE-3E823315ABD4}.AppStore|iPhoneSimulator.Build.0 = Release|Any CPU
		{9F2D407F-59F5-4093-82FE-3E823315ABD4}.Debug|Any CPU.ActiveCfg = Debug|Any CPU
		{9F2D407F-59F5-4093-82FE-3E823315ABD4}.Debug|Any CPU.Build.0 = Debug|Any CPU
		{9F2D407F-59F5-4093-82FE-3E823315ABD4}.Debug|iPhone.ActiveCfg = Debug|Any CPU
		{9F2D407F-59F5-4093-82FE-3E823315ABD4}.Debug|iPhone.Build.0 = Debug|Any CPU
		{9F2D407F-59F5-4093-82FE-3E823315ABD4}.Debug|iPhoneSimulator.ActiveCfg = Debug|Any CPU
		{9F2D407F-59F5-4093-82FE-3E823315ABD4}.Debug|iPhoneSimulator.Build.0 = Debug|Any CPU
		{9F2D407F-59F5-4093-82FE-3E823315ABD4}.Release|Any CPU.ActiveCfg = Release|Any CPU
		{9F2D407F-59F5-4093-82FE-3E823315ABD4}.Release|Any CPU.Build.0 = Release|Any CPU
		{9F2D407F-59F5-4093-82FE-3E823315ABD4}.Release|iPhone.ActiveCfg = Release|Any CPU
		{9F2D407F-59F5-4093-82FE-3E823315ABD4}.Release|iPhone.Build.0 = Release|Any CPU
		{9F2D407F-59F5-4093-82FE-3E823315ABD4}.Release|iPhoneSimulator.ActiveCfg = Release|Any CPU
		{9F2D407F-59F5-4093-82FE-3E823315ABD4}.Release|iPhoneSimulator.Build.0 = Release|Any CPU
		{FCA1642D-6C8D-441C-AFB9-6E8B210D54C6}.Ad-Hoc|Any CPU.ActiveCfg = Release|Any CPU
		{FCA1642D-6C8D-441C-AFB9-6E8B210D54C6}.Ad-Hoc|Any CPU.Build.0 = Release|Any CPU
		{FCA1642D-6C8D-441C-AFB9-6E8B210D54C6}.Ad-Hoc|iPhone.ActiveCfg = Release|Any CPU
		{FCA1642D-6C8D-441C-AFB9-6E8B210D54C6}.Ad-Hoc|iPhone.Build.0 = Release|Any CPU
		{FCA1642D-6C8D-441C-AFB9-6E8B210D54C6}.Ad-Hoc|iPhoneSimulator.ActiveCfg = Release|Any CPU
		{FCA1642D-6C8D-441C-AFB9-6E8B210D54C6}.Ad-Hoc|iPhoneSimulator.Build.0 = Release|Any CPU
		{FCA1642D-6C8D-441C-AFB9-6E8B210D54C6}.AppStore|Any CPU.ActiveCfg = Release|Any CPU
		{FCA1642D-6C8D-441C-AFB9-6E8B210D54C6}.AppStore|Any CPU.Build.0 = Release|Any CPU
		{FCA1642D-6C8D-441C-AFB9-6E8B210D54C6}.AppStore|iPhone.ActiveCfg = Release|Any CPU
		{FCA1642D-6C8D-441C-AFB9-6E8B210D54C6}.AppStore|iPhone.Build.0 = Release|Any CPU
		{FCA1642D-6C8D-441C-AFB9-6E8B210D54C6}.AppStore|iPhoneSimulator.ActiveCfg = Release|Any CPU
		{FCA1642D-6C8D-441C-AFB9-6E8B210D54C6}.AppStore|iPhoneSimulator.Build.0 = Release|Any CPU
		{FCA1642D-6C8D-441C-AFB9-6E8B210D54C6}.Debug|Any CPU.ActiveCfg = Debug|Any CPU
		{FCA1642D-6C8D-441C-AFB9-6E8B210D54C6}.Debug|Any CPU.Build.0 = Debug|Any CPU
		{FCA1642D-6C8D-441C-AFB9-6E8B210D54C6}.Debug|iPhone.ActiveCfg = Debug|Any CPU
		{FCA1642D-6C8D-441C-AFB9-6E8B210D54C6}.Debug|iPhone.Build.0 = Debug|Any CPU
		{FCA1642D-6C8D-441C-AFB9-6E8B210D54C6}.Debug|iPhoneSimulator.ActiveCfg = Debug|Any CPU
		{FCA1642D-6C8D-441C-AFB9-6E8B210D54C6}.Debug|iPhoneSimulator.Build.0 = Debug|Any CPU
		{FCA1642D-6C8D-441C-AFB9-6E8B210D54C6}.Release|Any CPU.ActiveCfg = Release|Any CPU
		{FCA1642D-6C8D-441C-AFB9-6E8B210D54C6}.Release|Any CPU.Build.0 = Release|Any CPU
		{FCA1642D-6C8D-441C-AFB9-6E8B210D54C6}.Release|iPhone.ActiveCfg = Release|Any CPU
		{FCA1642D-6C8D-441C-AFB9-6E8B210D54C6}.Release|iPhone.Build.0 = Release|Any CPU
		{FCA1642D-6C8D-441C-AFB9-6E8B210D54C6}.Release|iPhoneSimulator.ActiveCfg = Release|Any CPU
		{FCA1642D-6C8D-441C-AFB9-6E8B210D54C6}.Release|iPhoneSimulator.Build.0 = Release|Any CPU
	EndGlobalSection
	GlobalSection(SolutionProperties) = preSolution
		HideSolutionNode = FALSE
	EndGlobalSection
	GlobalSection(ExtensibilityGlobals) = postSolution
		SolutionGuid = {822DD742-DF97-4365-AFAB-8114045D568A}
	EndGlobalSection
EndGlobal
